
Microsoft Visual Studio Solution File, Format Version 12.00
# Visual Studio 15
VisualStudioVersion = 15.0.26124.0
MinimumVisualStudioVersion = 15.0.26124.0
Project("{FAE04EC0-301F-11D3-BF4B-00C04F79EFBC}") = "Alterdata.Immobile.MapaDeErros.Domain", "Alterdata.Immobile.MapaDeErros.Domain\Alterdata.Immobile.MapaDeErros.Domain.csproj", "{8A4A504A-1669-49D3-92ED-EC7EEA24721D}"
EndProject
Project("{FAE04EC0-301F-11D3-BF4B-00C04F79EFBC}") = "Alterdata.Immobile.MapaDeErros.Data", "Alterdata.Immobile.MapaDeErros.Data\Alterdata.Immobile.MapaDeErros.Data.csproj", "{D01F5BD7-7AAF-4A58-9C91-564A1C45E570}"
EndProject
Project("{FAE04EC0-301F-11D3-BF4B-00C04F79EFBC}") = "Alterdata.Immobile.MapaDeErros.IoC", "Alterdata.Immobile.MapaDeErros.IoC\Alterdata.Immobile.MapaDeErros.IoC.csproj", "{CA474079-A16D-4DBF-8644-1178D9986412}"
EndProject
Project("{FAE04EC0-301F-11D3-BF4B-00C04F79EFBC}") = "Alterdata.Immobile.MapaDeErros.Presentation", "Alterdata.Immobile.MapaDeErros.Presentation\Alterdata.Immobile.MapaDeErros.Presentation.csproj", "{A361D195-9292-4CE9-A992-1E79D064A850}"
EndProject
Project("{FAE04EC0-301F-11D3-BF4B-00C04F79EFBC}") = "Alterdata.Immobile.MapaDeErros.Tests", "Alterdata.Immobile.MapaDeErros.Tests\Alterdata.Immobile.MapaDeErros.Tests.csproj", "{8E8BF4F4-A463-47BB-889B-4C89DFA4F71C}"
EndProject
Global
	GlobalSection(SolutionConfigurationPlatforms) = preSolution
		Debug|Any CPU = Debug|Any CPU
		Debug|x64 = Debug|x64
		Debug|x86 = Debug|x86
		Release|Any CPU = Release|Any CPU
		Release|x64 = Release|x64
		Release|x86 = Release|x86
	EndGlobalSection
	GlobalSection(SolutionProperties) = preSolution
		HideSolutionNode = FALSE
	EndGlobalSection
	GlobalSection(ProjectConfigurationPlatforms) = postSolution
		{8A4A504A-1669-49D3-92ED-EC7EEA24721D}.Debug|Any CPU.ActiveCfg = Debug|Any CPU
		{8A4A504A-1669-49D3-92ED-EC7EEA24721D}.Debug|Any CPU.Build.0 = Debug|Any CPU
		{8A4A504A-1669-49D3-92ED-EC7EEA24721D}.Debug|x64.ActiveCfg = Debug|Any CPU
		{8A4A504A-1669-49D3-92ED-EC7EEA24721D}.Debug|x64.Build.0 = Debug|Any CPU
		{8A4A504A-1669-49D3-92ED-EC7EEA24721D}.Debug|x86.ActiveCfg = Debug|Any CPU
		{8A4A504A-1669-49D3-92ED-EC7EEA24721D}.Debug|x86.Build.0 = Debug|Any CPU
		{8A4A504A-1669-49D3-92ED-EC7EEA24721D}.Release|Any CPU.ActiveCfg = Release|Any CPU
		{8A4A504A-1669-49D3-92ED-EC7EEA24721D}.Release|Any CPU.Build.0 = Release|Any CPU
		{8A4A504A-1669-49D3-92ED-EC7EEA24721D}.Release|x64.ActiveCfg = Release|Any CPU
		{8A4A504A-1669-49D3-92ED-EC7EEA24721D}.Release|x64.Build.0 = Release|Any CPU
		{8A4A504A-1669-49D3-92ED-EC7EEA24721D}.Release|x86.ActiveCfg = Release|Any CPU
		{8A4A504A-1669-49D3-92ED-EC7EEA24721D}.Release|x86.Build.0 = Release|Any CPU
		{D01F5BD7-7AAF-4A58-9C91-564A1C45E570}.Debug|Any CPU.ActiveCfg = Debug|Any CPU
		{D01F5BD7-7AAF-4A58-9C91-564A1C45E570}.Debug|Any CPU.Build.0 = Debug|Any CPU
		{D01F5BD7-7AAF-4A58-9C91-564A1C45E570}.Debug|x64.ActiveCfg = Debug|Any CPU
		{D01F5BD7-7AAF-4A58-9C91-564A1C45E570}.Debug|x64.Build.0 = Debug|Any CPU
		{D01F5BD7-7AAF-4A58-9C91-564A1C45E570}.Debug|x86.ActiveCfg = Debug|Any CPU
		{D01F5BD7-7AAF-4A58-9C91-564A1C45E570}.Debug|x86.Build.0 = Debug|Any CPU
		{D01F5BD7-7AAF-4A58-9C91-564A1C45E570}.Release|Any CPU.ActiveCfg = Release|Any CPU
		{D01F5BD7-7AAF-4A58-9C91-564A1C45E570}.Release|Any CPU.Build.0 = Release|Any CPU
		{D01F5BD7-7AAF-4A58-9C91-564A1C45E570}.Release|x64.ActiveCfg = Release|Any CPU
		{D01F5BD7-7AAF-4A58-9C91-564A1C45E570}.Release|x64.Build.0 = Release|Any CPU
		{D01F5BD7-7AAF-4A58-9C91-564A1C45E570}.Release|x86.ActiveCfg = Release|Any CPU
		{D01F5BD7-7AAF-4A58-9C91-564A1C45E570}.Release|x86.Build.0 = Release|Any CPU
		{CA474079-A16D-4DBF-8644-1178D9986412}.Debug|Any CPU.ActiveCfg = Debug|Any CPU
		{CA474079-A16D-4DBF-8644-1178D9986412}.Debug|Any CPU.Build.0 = Debug|Any CPU
		{CA474079-A16D-4DBF-8644-1178D9986412}.Debug|x64.ActiveCfg = Debug|Any CPU
		{CA474079-A16D-4DBF-8644-1178D9986412}.Debug|x64.Build.0 = Debug|Any CPU
		{CA474079-A16D-4DBF-8644-1178D9986412}.Debug|x86.ActiveCfg = Debug|Any CPU
		{CA474079-A16D-4DBF-8644-1178D9986412}.Debug|x86.Build.0 = Debug|Any CPU
		{CA474079-A16D-4DBF-8644-1178D9986412}.Release|Any CPU.ActiveCfg = Release|Any CPU
		{CA474079-A16D-4DBF-8644-1178D9986412}.Release|Any CPU.Build.0 = Release|Any CPU
		{CA474079-A16D-4DBF-8644-1178D9986412}.Release|x64.ActiveCfg = Release|Any CPU
		{CA474079-A16D-4DBF-8644-1178D9986412}.Release|x64.Build.0 = Release|Any CPU
		{CA474079-A16D-4DBF-8644-1178D9986412}.Release|x86.ActiveCfg = Release|Any CPU
		{CA474079-A16D-4DBF-8644-1178D9986412}.Release|x86.Build.0 = Release|Any CPU
		{A361D195-9292-4CE9-A992-1E79D064A850}.Debug|Any CPU.ActiveCfg = Debug|Any CPU
		{A361D195-9292-4CE9-A992-1E79D064A850}.Debug|Any CPU.Build.0 = Debug|Any CPU
		{A361D195-9292-4CE9-A992-1E79D064A850}.Debug|x64.ActiveCfg = Debug|Any CPU
		{A361D195-9292-4CE9-A992-1E79D064A850}.Debug|x64.Build.0 = Debug|Any CPU
		{A361D195-9292-4CE9-A992-1E79D064A850}.Debug|x86.ActiveCfg = Debug|Any CPU
		{A361D195-9292-4CE9-A992-1E79D064A850}.Debug|x86.Build.0 = Debug|Any CPU
		{A361D195-9292-4CE9-A992-1E79D064A850}.Release|Any CPU.ActiveCfg = Release|Any CPU
		{A361D195-9292-4CE9-A992-1E79D064A850}.Release|Any CPU.Build.0 = Release|Any CPU
		{A361D195-9292-4CE9-A992-1E79D064A850}.Release|x64.ActiveCfg = Release|Any CPU
		{A361D195-9292-4CE9-A992-1E79D064A850}.Release|x64.Build.0 = Release|Any CPU
		{A361D195-9292-4CE9-A992-1E79D064A850}.Release|x86.ActiveCfg = Release|Any CPU
		{A361D195-9292-4CE9-A992-1E79D064A850}.Release|x86.Build.0 = Release|Any CPU
		{8E8BF4F4-A463-47BB-889B-4C89DFA4F71C}.Debug|Any CPU.ActiveCfg = Debug|Any CPU
		{8E8BF4F4-A463-47BB-889B-4C89DFA4F71C}.Debug|Any CPU.Build.0 = Debug|Any CPU
		{8E8BF4F4-A463-47BB-889B-4C89DFA4F71C}.Debug|x64.ActiveCfg = Debug|Any CPU
		{8E8BF4F4-A463-47BB-889B-4C89DFA4F71C}.Debug|x64.Build.0 = Debug|Any CPU
		{8E8BF4F4-A463-47BB-889B-4C89DFA4F71C}.Debug|x86.ActiveCfg = Debug|Any CPU
		{8E8BF4F4-A463-47BB-889B-4C89DFA4F71C}.Debug|x86.Build.0 = Debug|Any CPU
		{8E8BF4F4-A463-47BB-889B-4C89DFA4F71C}.Release|Any CPU.ActiveCfg = Release|Any CPU
		{8E8BF4F4-A463-47BB-889B-4C89DFA4F71C}.Release|Any CPU.Build.0 = Release|Any CPU
		{8E8BF4F4-A463-47BB-889B-4C89DFA4F71C}.Release|x64.ActiveCfg = Release|Any CPU
		{8E8BF4F4-A463-47BB-889B-4C89DFA4F71C}.Release|x64.Build.0 = Release|Any CPU
		{8E8BF4F4-A463-47BB-889B-4C89DFA4F71C}.Release|x86.ActiveCfg = Release|Any CPU
		{8E8BF4F4-A463-47BB-889B-4C89DFA4F71C}.Release|x86.Build.0 = Release|Any CPU
	EndGlobalSection
EndGlobal
